// !$*UTF8*$!
{
	archiveVersion = 1;
	classes = {
	};
	objectVersion = 56;
	objects = {

/* Begin PBXBuildFile section */
		E9A37F7829702B1600A5B72A /* SearchStackView.swift in Sources */ = {isa = PBXBuildFile; fileRef = E9A37F7729702B1600A5B72A /* SearchStackView.swift */; };
		E9A37F7D2970A14500A5B72A /* WeatherViewModel.swift in Sources */ = {isa = PBXBuildFile; fileRef = E9A37F7C2970A14500A5B72A /* WeatherViewModel.swift */; };
		E9A37F802970A16400A5B72A /* WeatherModel.swift in Sources */ = {isa = PBXBuildFile; fileRef = E9A37F7F2970A16400A5B72A /* WeatherModel.swift */; };
		E9A37F832970A35E00A5B72A /* WeatherService.swift in Sources */ = {isa = PBXBuildFile; fileRef = E9A37F822970A35E00A5B72A /* WeatherService.swift */; };
		E9AE3BE82970183200DAD7D6 /* AppDelegate.swift in Sources */ = {isa = PBXBuildFile; fileRef = E9AE3BE72970183200DAD7D6 /* AppDelegate.swift */; };
		E9AE3BEA2970183200DAD7D6 /* SceneDelegate.swift in Sources */ = {isa = PBXBuildFile; fileRef = E9AE3BE92970183200DAD7D6 /* SceneDelegate.swift */; };
		E9AE3BEC2970183200DAD7D6 /* HomeViewController.swift in Sources */ = {isa = PBXBuildFile; fileRef = E9AE3BEB2970183200DAD7D6 /* HomeViewController.swift */; };
		E9AE3BF12970183300DAD7D6 /* Assets.xcassets in Resources */ = {isa = PBXBuildFile; fileRef = E9AE3BF02970183300DAD7D6 /* Assets.xcassets */; };
		E9AE3BF42970183300DAD7D6 /* LaunchScreen.storyboard in Resources */ = {isa = PBXBuildFile; fileRef = E9AE3BF22970183300DAD7D6 /* LaunchScreen.storyboard */; };
/* End PBXBuildFile section */

/* Begin PBXFileReference section */
		E9A37F7729702B1600A5B72A /* SearchStackView.swift */ = {isa = PBXFileReference; lastKnownFileType = sourcecode.swift; path = SearchStackView.swift; sourceTree = "<group>"; };
		E9A37F7C2970A14500A5B72A /* WeatherViewModel.swift */ = {isa = PBXFileReference; lastKnownFileType = sourcecode.swift; path = WeatherViewModel.swift; sourceTree = "<group>"; };
		E9A37F7F2970A16400A5B72A /* WeatherModel.swift */ = {isa = PBXFileReference; lastKnownFileType = sourcecode.swift; path = WeatherModel.swift; sourceTree = "<group>"; };
		E9A37F822970A35E00A5B72A /* WeatherService.swift */ = {isa = PBXFileReference; lastKnownFileType = sourcecode.swift; path = WeatherService.swift; sourceTree = "<group>"; };
		E9AE3BE42970183200DAD7D6 /* MeWeatherApp.app */ = {isa = PBXFileReference; explicitFileType = wrapper.application; includeInIndex = 0; path = MeWeatherApp.app; sourceTree = BUILT_PRODUCTS_DIR; };
		E9AE3BE72970183200DAD7D6 /* AppDelegate.swift */ = {isa = PBXFileReference; lastKnownFileType = sourcecode.swift; path = AppDelegate.swift; sourceTree = "<group>"; };
		E9AE3BE92970183200DAD7D6 /* SceneDelegate.swift */ = {isa = PBXFileReference; lastKnownFileType = sourcecode.swift; path = SceneDelegate.swift; sourceTree = "<group>"; };
		E9AE3BEB2970183200DAD7D6 /* HomeViewController.swift */ = {isa = PBXFileReference; lastKnownFileType = sourcecode.swift; path = HomeViewController.swift; sourceTree = "<group>"; };
		E9AE3BF02970183300DAD7D6 /* Assets.xcassets */ = {isa = PBXFileReference; lastKnownFileType = folder.assetcatalog; path = Assets.xcassets; sourceTree = "<group>"; };
		E9AE3BF32970183300DAD7D6 /* Base */ = {isa = PBXFileReference; lastKnownFileType = file.storyboard; name = Base; path = Base.lproj/LaunchScreen.storyboard; sourceTree = "<group>"; };
		E9AE3BF52970183300DAD7D6 /* Info.plist */ = {isa = PBXFileReference; lastKnownFileType = text.plist.xml; path = Info.plist; sourceTree = "<group>"; };
/* End PBXFileReference section */

/* Begin PBXFrameworksBuildPhase section */
		E9AE3BE12970183200DAD7D6 /* Frameworks */ = {
			isa = PBXFrameworksBuildPhase;
			buildActionMask = 2147483647;
			files = (
			);
			runOnlyForDeploymentPostprocessing = 0;
		};
/* End PBXFrameworksBuildPhase section */

/* Begin PBXGroup section */
		E9A37F7429701B1E00A5B72A /* Files */ = {
			isa = PBXGroup;
			children = (
				E9AE3BE72970183200DAD7D6 /* AppDelegate.swift */,
				E9AE3BE92970183200DAD7D6 /* SceneDelegate.swift */,
				E9AE3BF02970183300DAD7D6 /* Assets.xcassets */,
				E9AE3BF22970183300DAD7D6 /* LaunchScreen.storyboard */,
				E9AE3BF52970183300DAD7D6 /* Info.plist */,
			);
			path = Files;
			sourceTree = "<group>";
		};
		E9A37F7529701BC200A5B72A /* Controller */ = {
			isa = PBXGroup;
			children = (
				E9AE3BEB2970183200DAD7D6 /* HomeViewController.swift */,
			);
			path = Controller;
			sourceTree = "<group>";
		};
		E9A37F7629702B0400A5B72A /* View */ = {
			isa = PBXGroup;
			children = (
				E9A37F7729702B1600A5B72A /* SearchStackView.swift */,
			);
			path = View;
			sourceTree = "<group>";
		};
		E9A37F7B2970A11300A5B72A /* ViewModel */ = {
			isa = PBXGroup;
			children = (
				E9A37F7C2970A14500A5B72A /* WeatherViewModel.swift */,
			);
			path = ViewModel;
			sourceTree = "<group>";
		};
		E9A37F7E2970A15600A5B72A /* Model */ = {
			isa = PBXGroup;
			children = (
				E9A37F7F2970A16400A5B72A /* WeatherModel.swift */,
			);
			path = Model;
			sourceTree = "<group>";
		};
		E9A37F812970A34700A5B72A /* Service */ = {
			isa = PBXGroup;
			children = (
				E9A37F822970A35E00A5B72A /* WeatherService.swift */,
			);
			path = Service;
			sourceTree = "<group>";
		};
		E9AE3BDB2970183200DAD7D6 = {
			isa = PBXGroup;
			children = (
				E9AE3BE62970183200DAD7D6 /* MeWeatherApp */,
				E9AE3BE52970183200DAD7D6 /* Products */,
			);
			sourceTree = "<group>";
		};
		E9AE3BE52970183200DAD7D6 /* Products */ = {
			isa = PBXGroup;
			children = (
				E9AE3BE42970183200DAD7D6 /* MeWeatherApp.app */,
			);
			name = Products;
			sourceTree = "<group>";
		};
		E9AE3BE62970183200DAD7D6 /* MeWeatherApp */ = {
			isa = PBXGroup;
			children = (
				E9A37F812970A34700A5B72A /* Service */,
				E9A37F7E2970A15600A5B72A /* Model */,
				E9A37F7B2970A11300A5B72A /* ViewModel */,
				E9A37F7629702B0400A5B72A /* View */,
				E9A37F7529701BC200A5B72A /* Controller */,
				E9A37F7429701B1E00A5B72A /* Files */,
			);
			path = MeWeatherApp;
			sourceTree = "<group>";
		};
/* End PBXGroup section */

/* Begin PBXNativeTarget section */
		E9AE3BE32970183200DAD7D6 /* MeWeatherApp */ = {
			isa = PBXNativeTarget;
			buildConfigurationList = E9AE3BF82970183300DAD7D6 /* Build configuration list for PBXNativeTarget "MeWeatherApp" */;
			buildPhases = (
				E9AE3BE02970183200DAD7D6 /* Sources */,
				E9AE3BE12970183200DAD7D6 /* Frameworks */,
				E9AE3BE22970183200DAD7D6 /* Resources */,
			);
			buildRules = (
			);
			dependencies = (
			);
			name = MeWeatherApp;
			productName = MeWeatherApp;
			productReference = E9AE3BE42970183200DAD7D6 /* MeWeatherApp.app */;
			productType = "com.apple.product-type.application";
		};
/* End PBXNativeTarget section */

/* Begin PBXProject section */
		E9AE3BDC2970183200DAD7D6 /* Project object */ = {
			isa = PBXProject;
			attributes = {
				BuildIndependentTargetsInParallel = 1;
				LastSwiftUpdateCheck = 1420;
				LastUpgradeCheck = 1420;
				TargetAttributes = {
					E9AE3BE32970183200DAD7D6 = {
						CreatedOnToolsVersion = 14.2;
					};
				};
			};
			buildConfigurationList = E9AE3BDF2970183200DAD7D6 /* Build configuration list for PBXProject "MeWeatherApp" */;
			compatibilityVersion = "Xcode 14.0";
			developmentRegion = en;
			hasScannedForEncodings = 0;
			knownRegions = (
				en,
				Base,
			);
			mainGroup = E9AE3BDB2970183200DAD7D6;
			productRefGroup = E9AE3BE52970183200DAD7D6 /* Products */;
			projectDirPath = "";
			projectRoot = "";
			targets = (
				E9AE3BE32970183200DAD7D6 /* MeWeatherApp */,
			);
		};
/* End PBXProject section */

/* Begin PBXResourcesBuildPhase section */
		E9AE3BE22970183200DAD7D6 /* Resources */ = {
			isa = PBXResourcesBuildPhase;
			buildActionMask = 2147483647;
			files = (
				E9AE3BF42970183300DAD7D6 /* LaunchScreen.storyboard in Resources */,
				E9AE3BF12970183300DAD7D6 /* Assets.xcassets in Resources */,
			);
			runOnlyForDeploymentPostprocessing = 0;
		};
/* End PBXResourcesBuildPhase section */

/* Begin PBXSourcesBuildPhase section */
		E9AE3BE02970183200DAD7D6 /* Sources */ = {
			isa = PBXSourcesBuildPhase;
			buildActionMask = 2147483647;
			files = (
				E9A37F7D2970A14500A5B72A /* WeatherViewModel.swift in Sources */,
				E9AE3BEC2970183200DAD7D6 /* HomeViewController.swift in Sources */,
				E9AE3BE82970183200DAD7D6 /* AppDelegate.swift in Sources */,
				E9AE3BEA2970183200DAD7D6 /* SceneDelegate.swift in Sources */,
				E9A37F802970A16400A5B72A /* WeatherModel.swift in Sources */,
				E9A37F7829702B1600A5B72A /* SearchStackView.swift in Sources */,
				E9A37F832970A35E00A5B72A /* WeatherService.swift in Sources */,
			);
			runOnlyForDeploymentPostprocessing = 0;
		};
/* End PBXSourcesBuildPhase section */

/* Begin PBXVariantGroup section */
		E9AE3BF22970183300DAD7D6 /* LaunchScreen.storyboard */ = {
			isa = PBXVariantGroup;
			children = (
				E9AE3BF32970183300DAD7D6 /* Base */,
			);
			name = LaunchScreen.storyboard;
			sourceTree = "<group>";
		};
/* End PBXVariantGroup section */

/* Begin XCBuildConfiguration section */
		E9AE3BF62970183300DAD7D6 /* Debug */ = {
			isa = XCBuildConfiguration;
			buildSettings = {
				ALWAYS_SEARCH_USER_PATHS = NO;
				CLANG_ANALYZER_NONNULL = YES;
				CLANG_ANALYZER_NUMBER_OBJECT_CONVERSION = YES_AGGRESSIVE;
				CLANG_CXX_LANGUAGE_STANDARD = "gnu++20";
				CLANG_ENABLE_MODULES = YES;
				CLANG_ENABLE_OBJC_ARC = YES;
				CLANG_ENABLE_OBJC_WEAK = YES;
				CLANG_WARN_BLOCK_CAPTURE_AUTORELEASING = YES;
				CLANG_WARN_BOOL_CONVERSION = YES;
				CLANG_WARN_COMMA = YES;
				CLANG_WARN_CONSTANT_CONVERSION = YES;
				CLANG_WARN_DEPRECATED_OBJC_IMPLEMENTATIONS = YES;
				CLANG_WARN_DIRECT_OBJC_ISA_USAGE = YES_ERROR;
				CLANG_WARN_DOCUMENTATION_COMMENTS = YES;
				CLANG_WARN_EMPTY_BODY = YES;
				CLANG_WARN_ENUM_CONVERSION = YES;
				CLANG_WARN_INFINITE_RECURSION = YES;
				CLANG_WARN_INT_CONVERSION = YES;
				CLANG_WARN_NON_LITERAL_NULL_CONVERSION = YES;
				CLANG_WARN_OBJC_IMPLICIT_RETAIN_SELF = YES;
				CLANG_WARN_OBJC_LITERAL_CONVERSION = YES;
				CLANG_WARN_OBJC_ROOT_CLASS = YES_ERROR;
				CLANG_WARN_QUOTED_INCLUDE_IN_FRAMEWORK_HEADER = YES;
				CLANG_WARN_RANGE_LOOP_ANALYSIS = YES;
				CLANG_WARN_STRICT_PROTOTYPES = YES;
				CLANG_WARN_SUSPICIOUS_MOVE = YES;
				CLANG_WARN_UNGUARDED_AVAILABILITY = YES_AGGRESSIVE;
				CLANG_WARN_UNREACHABLE_CODE = YES;
				CLANG_WARN__DUPLICATE_METHOD_MATCH = YES;
				COPY_PHASE_STRIP = NO;
				DEBUG_INFORMATION_FORMAT = dwarf;
				ENABLE_STRICT_OBJC_MSGSEND = YES;
				ENABLE_TESTABILITY = YES;
				GCC_C_LANGUAGE_STANDARD = gnu11;
				GCC_DYNAMIC_NO_PIC = NO;
				GCC_NO_COMMON_BLOCKS = YES;
				GCC_OPTIMIZATION_LEVEL = 0;
				GCC_PREPROCESSOR_DEFINITIONS = (
					"DEBUG=1",
					"$(inherited)",
				);
				GCC_WARN_64_TO_32_BIT_CONVERSION = YES;
				GCC_WARN_ABOUT_RETURN_TYPE = YES_ERROR;
				GCC_WARN_UNDECLARED_SELECTOR = YES;
				GCC_WARN_UNINITIALIZED_AUTOS = YES_AGGRESSIVE;
				GCC_WARN_UNUSED_FUNCTION = YES;
				GCC_WARN_UNUSED_VARIABLE = YES;
				IPHONEOS_DEPLOYMENT_TARGET = 16.2;
				MTL_ENABLE_DEBUG_INFO = INCLUDE_SOURCE;
				MTL_FAST_MATH = YES;
				ONLY_ACTIVE_ARCH = YES;
				SDKROOT = iphoneos;
				SWIFT_ACTIVE_COMPILATION_CONDITIONS = DEBUG;
				SWIFT_OPTIMIZATION_LEVEL = "-Onone";
			};
			name = Debug;
		};
		E9AE3BF72970183300DAD7D6 /* Release */ = {
			isa = XCBuildConfiguration;
			buildSettings = {
				ALWAYS_SEARCH_USER_PATHS = NO;
				CLANG_ANALYZER_NONNULL = YES;
				CLANG_ANALYZER_NUMBER_OBJECT_CONVERSION = YES_AGGRESSIVE;
				CLANG_CXX_LANGUAGE_STANDARD = "gnu++20";
				CLANG_ENABLE_MODULES = YES;
				CLANG_ENABLE_OBJC_ARC = YES;
				CLANG_ENABLE_OBJC_WEAK = YES;
				CLANG_WARN_BLOCK_CAPTURE_AUTORELEASING = YES;
				CLANG_WARN_BOOL_CONVERSION = YES;
				CLANG_WARN_COMMA = YES;
				CLANG_WARN_CONSTANT_CONVERSION = YES;
				CLANG_WARN_DEPRECATED_OBJC_IMPLEMENTATIONS = YES;
				CLANG_WARN_DIRECT_OBJC_ISA_USAGE = YES_ERROR;
				CLANG_WARN_DOCUMENTATION_COMMENTS = YES;
				CLANG_WARN_EMPTY_BODY = YES;
				CLANG_WARN_ENUM_CONVERSION = YES;
				CLANG_WARN_INFINITE_RECURSION = YES;
				CLANG_WARN_INT_CONVERSION = YES;
				CLANG_WARN_NON_LITERAL_NULL_CONVERSION = YES;
				CLANG_WARN_OBJC_IMPLICIT_RETAIN_SELF = YES;
				CLANG_WARN_OBJC_LITERAL_CONVERSION = YES;
				CLANG_WARN_OBJC_ROOT_CLASS = YES_ERROR;
				CLANG_WARN_QUOTED_INCLUDE_IN_FRAMEWORK_HEADER = YES;
				CLANG_WARN_RANGE_LOOP_ANALYSIS = YES;
				CLANG_WARN_STRICT_PROTOTYPES = YES;
				CLANG_WARN_SUSPICIOUS_MOVE = YES;
				CLANG_WARN_UNGUARDED_AVAILABILITY = YES_AGGRESSIVE;
				CLANG_WARN_UNREACHABLE_CODE = YES;
				CLANG_WARN__DUPLICATE_METHOD_MATCH = YES;
				COPY_PHASE_STRIP = NO;
				DEBUG_INFORMATION_FORMAT = "dwarf-with-dsym";
				ENABLE_NS_ASSERTIONS = NO;
				ENABLE_STRICT_OBJC_MSGSEND = YES;
				GCC_C_LANGUAGE_STANDARD = gnu11;
				GCC_NO_COMMON_BLOCKS = YES;
				GCC_WARN_64_TO_32_BIT_CONVERSION = YES;
				GCC_WARN_ABOUT_RETURN_TYPE = YES_ERROR;
				GCC_WARN_UNDECLARED_SELECTOR = YES;
				GCC_WARN_UNINITIALIZED_AUTOS = YES_AGGRESSIVE;
				GCC_WARN_UNUSED_FUNCTION = YES;
				GCC_WARN_UNUSED_VARIABLE = YES;
				IPHONEOS_DEPLOYMENT_TARGET = 16.2;
				MTL_ENABLE_DEBUG_INFO = NO;
				MTL_FAST_MATH = YES;
				SDKROOT = iphoneos;
				SWIFT_COMPILATION_MODE = wholemodule;
				SWIFT_OPTIMIZATION_LEVEL = "-O";
				VALIDATE_PRODUCT = YES;
			};
			name = Release;
		};
		E9AE3BF92970183300DAD7D6 /* Debug */ = {
			isa = XCBuildConfiguration;
			buildSettings = {
				ASSETCATALOG_COMPILER_APPICON_NAME = AppIcon;
				ASSETCATALOG_COMPILER_GLOBAL_ACCENT_COLOR_NAME = AccentColor;
				CODE_SIGN_STYLE = Automatic;
				CURRENT_PROJECT_VERSION = 1;
				DEVELOPMENT_TEAM = 5Z6579228A;
				GENERATE_INFOPLIST_FILE = YES;
				INFOPLIST_FILE = MeWeatherApp/Files/Info.plist;
				INFOPLIST_KEY_UIApplicationSupportsIndirectInputEvents = YES;
				INFOPLIST_KEY_UILaunchStoryboardName = LaunchScreen;
				INFOPLIST_KEY_UISupportedInterfaceOrientations_iPad = "UIInterfaceOrientationPortrait UIInterfaceOrientationPortraitUpsideDown UIInterfaceOrientationLandscapeLeft UIInterfaceOrientationLandscapeRight";
				INFOPLIST_KEY_UISupportedInterfaceOrientations_iPhone = "UIInterfaceOrientationPortrait UIInterfaceOrientationLandscapeLeft UIInterfaceOrientationLandscapeRight";
				LD_RUNPATH_SEARCH_PATHS = (
					"$(inherited)",
					"@executable_path/Frameworks",
				);
				MARKETING_VERSION = 1.0;
				PRODUCT_BUNDLE_IDENTIFIER = com.aykutipek.MeWeatherApp;
				PRODUCT_NAME = "$(TARGET_NAME)";
				SWIFT_EMIT_LOC_STRINGS = YES;
				SWIFT_VERSION = 5.0;
				TARGETED_DEVICE_FAMILY = "1,2";
			};
			name = Debug;
		};
		E9AE3BFA2970183300DAD7D6 /* Release */ = {
			isa = XCBuildConfiguration;
			buildSettings = {
				ASSETCATALOG_COMPILER_APPICON_NAME = AppIcon;
				ASSETCATALOG_COMPILER_GLOBAL_ACCENT_COLOR_NAME = AccentColor;
				CODE_SIGN_STYLE = Automatic;
				CURRENT_PROJECT_VERSION = 1;
				DEVELOPMENT_TEAM = 5Z6579228A;
				GENERATE_INFOPLIST_FILE = YES;
				INFOPLIST_FILE = MeWeatherApp/Files/Info.plist;
				INFOPLIST_KEY_UIApplicationSupportsIndirectInputEvents = YES;
				INFOPLIST_KEY_UILaunchStoryboardName = LaunchScreen;
				INFOPLIST_KEY_UISupportedInterfaceOrientations_iPad = "UIInterfaceOrientationPortrait UIInterfaceOrientationPortraitUpsideDown UIInterfaceOrientationLandscapeLeft UIInterfaceOrientationLandscapeRight";
				INFOPLIST_KEY_UISupportedInterfaceOrientations_iPhone = "UIInterfaceOrientationPortrait UIInterfaceOrientationLandscapeLeft UIInterfaceOrientationLandscapeRight";
				LD_RUNPATH_SEARCH_PATHS = (
					"$(inherited)",
					"@executable_path/Frameworks",
				);
				MARKETING_VERSION = 1.0;
				PRODUCT_BUNDLE_IDENTIFIER = com.aykutipek.MeWeatherApp;
				PRODUCT_NAME = "$(TARGET_NAME)";
				SWIFT_EMIT_LOC_STRINGS = YES;
				SWIFT_VERSION = 5.0;
				TARGETED_DEVICE_FAMILY = "1,2";
			};
			name = Release;
		};
/* End XCBuildConfiguration section */

/* Begin XCConfigurationList section */
		E9AE3BDF2970183200DAD7D6 /* Build configuration list for PBXProject "MeWeatherApp" */ = {
			isa = XCConfigurationList;
			buildConfigurations = (
				E9AE3BF62970183300DAD7D6 /* Debug */,
				E9AE3BF72970183300DAD7D6 /* Release */,
			);
			defaultConfigurationIsVisible = 0;
			defaultConfigurationName = Release;
		};
		E9AE3BF82970183300DAD7D6 /* Build configuration list for PBXNativeTarget "MeWeatherApp" */ = {
			isa = XCConfigurationList;
			buildConfigurations = (
				E9AE3BF92970183300DAD7D6 /* Debug */,
				E9AE3BFA2970183300DAD7D6 /* Release */,
			);
			defaultConfigurationIsVisible = 0;
			defaultConfigurationName = Release;
		};
/* End XCConfigurationList section */
	};
	rootObject = E9AE3BDC2970183200DAD7D6 /* Project object */;
}
